// !$*UTF8*$!
{
	archiveVersion = 1;
	classes = {
	};
	objectVersion = 46;
	objects = {

/* Begin PBXBuildFile section */
		7E08246E1A359E6C00AF68F5 /* main.m in Sources */ = {isa = PBXBuildFile; fileRef = 7E08246D1A359E6C00AF68F5 /* main.m */; };
		7E0824711A359E6C00AF68F5 /* AppDelegate.m in Sources */ = {isa = PBXBuildFile; fileRef = 7E0824701A359E6C00AF68F5 /* AppDelegate.m */; };
		7E0824771A359E6C00AF68F5 /* Main.storyboard in Resources */ = {isa = PBXBuildFile; fileRef = 7E0824751A359E6C00AF68F5 /* Main.storyboard */; };
		7E0824791A359E6C00AF68F5 /* Images.xcassets in Resources */ = {isa = PBXBuildFile; fileRef = 7E0824781A359E6C00AF68F5 /* Images.xcassets */; };
		7E08247C1A359E6C00AF68F5 /* LaunchScreen.xib in Resources */ = {isa = PBXBuildFile; fileRef = 7E08247A1A359E6C00AF68F5 /* LaunchScreen.xib */; };
		7E0824881A359E6C00AF68F5 /* WaterfallTests.m in Sources */ = {isa = PBXBuildFile; fileRef = 7E0824871A359E6C00AF68F5 /* WaterfallTests.m */; };
		7E0824931A359F9B00AF68F5 /* WaterfallVC.m in Sources */ = {isa = PBXBuildFile; fileRef = 7E0824921A359F9B00AF68F5 /* WaterfallVC.m */; };
		7E0824991A35A09000AF68F5 /* WaterfallLayout.m in Sources */ = {isa = PBXBuildFile; fileRef = 7E0824981A35A09000AF68F5 /* WaterfallLayout.m */; };
/* End PBXBuildFile section */

/* Begin PBXContainerItemProxy section */
		7E0824821A359E6C00AF68F5 /* PBXContainerItemProxy */ = {
			isa = PBXContainerItemProxy;
			containerPortal = 7E0824601A359E6C00AF68F5 /* Project object */;
			proxyType = 1;
			remoteGlobalIDString = 7E0824671A359E6C00AF68F5;
			remoteInfo = Waterfall;
		};
/* End PBXContainerItemProxy section */

/* Begin PBXFileReference section */
		7E0824681A359E6C00AF68F5 /* Waterfall.app */ = {isa = PBXFileReference; explicitFileType = wrapper.application; includeInIndex = 0; path = Waterfall.app; sourceTree = BUILT_PRODUCTS_DIR; };
		7E08246C1A359E6C00AF68F5 /* Info.plist */ = {isa = PBXFileReference; lastKnownFileType = text.plist.xml; path = Info.plist; sourceTree = "<group>"; };
		7E08246D1A359E6C00AF68F5 /* main.m */ = {isa = PBXFileReference; lastKnownFileType = sourcecode.c.objc; path = main.m; sourceTree = "<group>"; };
		7E08246F1A359E6C00AF68F5 /* AppDelegate.h */ = {isa = PBXFileReference; lastKnownFileType = sourcecode.c.h; path = AppDelegate.h; sourceTree = "<group>"; };
		7E0824701A359E6C00AF68F5 /* AppDelegate.m */ = {isa = PBXFileReference; lastKnownFileType = sourcecode.c.objc; path = AppDelegate.m; sourceTree = "<group>"; };
		7E0824761A359E6C00AF68F5 /* Base */ = {isa = PBXFileReference; lastKnownFileType = file.storyboard; name = Base; path = Base.lproj/Main.storyboard; sourceTree = "<group>"; };
		7E0824781A359E6C00AF68F5 /* Images.xcassets */ = {isa = PBXFileReference; lastKnownFileType = folder.assetcatalog; path = Images.xcassets; sourceTree = "<group>"; };
		7E08247B1A359E6C00AF68F5 /* Base */ = {isa = PBXFileReference; lastKnownFileType = file.xib; name = Base; path = Base.lproj/LaunchScreen.xib; sourceTree = "<group>"; };
		7E0824811A359E6C00AF68F5 /* WaterfallTests.xctest */ = {isa = PBXFileReference; explicitFileType = wrapper.cfbundle; includeInIndex = 0; path = WaterfallTests.xctest; sourceTree = BUILT_PRODUCTS_DIR; };
		7E0824861A359E6C00AF68F5 /* Info.plist */ = {isa = PBXFileReference; lastKnownFileType = text.plist.xml; path = Info.plist; sourceTree = "<group>"; };
		7E0824871A359E6C00AF68F5 /* WaterfallTests.m */ = {isa = PBXFileReference; lastKnownFileType = sourcecode.c.objc; path = WaterfallTests.m; sourceTree = "<group>"; };
		7E0824911A359F9B00AF68F5 /* WaterfallVC.h */ = {isa = PBXFileReference; fileEncoding = 4; lastKnownFileType = sourcecode.c.h; path = WaterfallVC.h; sourceTree = "<group>"; };
		7E0824921A359F9B00AF68F5 /* WaterfallVC.m */ = {isa = PBXFileReference; fileEncoding = 4; lastKnownFileType = sourcecode.c.objc; path = WaterfallVC.m; sourceTree = "<group>"; };
		7E0824971A35A09000AF68F5 /* WaterfallLayout.h */ = {isa = PBXFileReference; fileEncoding = 4; lastKnownFileType = sourcecode.c.h; path = WaterfallLayout.h; sourceTree = "<group>"; };
		7E0824981A35A09000AF68F5 /* WaterfallLayout.m */ = {isa = PBXFileReference; fileEncoding = 4; lastKnownFileType = sourcecode.c.objc; path = WaterfallLayout.m; sourceTree = "<group>"; };
/* End PBXFileReference section */

/* Begin PBXFrameworksBuildPhase section */
		7E0824651A359E6C00AF68F5 /* Frameworks */ = {
			isa = PBXFrameworksBuildPhase;
			buildActionMask = 2147483647;
			files = (
			);
			runOnlyForDeploymentPostprocessing = 0;
		};
		7E08247E1A359E6C00AF68F5 /* Frameworks */ = {
			isa = PBXFrameworksBuildPhase;
			buildActionMask = 2147483647;
			files = (
			);
			runOnlyForDeploymentPostprocessing = 0;
		};
/* End PBXFrameworksBuildPhase section */

/* Begin PBXGroup section */
		7E08245F1A359E6C00AF68F5 = {
			isa = PBXGroup;
			children = (
				7E08246A1A359E6C00AF68F5 /* Waterfall */,
				7E0824841A359E6C00AF68F5 /* WaterfallTests */,
				7E0824691A359E6C00AF68F5 /* Products */,
			);
			sourceTree = "<group>";
		};
		7E0824691A359E6C00AF68F5 /* Products */ = {
			isa = PBXGroup;
			children = (
				7E0824681A359E6C00AF68F5 /* Waterfall.app */,
				7E0824811A359E6C00AF68F5 /* WaterfallTests.xctest */,
			);
			name = Products;
			sourceTree = "<group>";
		};
		7E08246A1A359E6C00AF68F5 /* Waterfall */ = {
			isa = PBXGroup;
			children = (
				7E08246F1A359E6C00AF68F5 /* AppDelegate.h */,
				7E0824701A359E6C00AF68F5 /* AppDelegate.m */,
				7E0824971A35A09000AF68F5 /* WaterfallLayout.h */,
				7E0824981A35A09000AF68F5 /* WaterfallLayout.m */,
				7E0824911A359F9B00AF68F5 /* WaterfallVC.h */,
				7E0824921A359F9B00AF68F5 /* WaterfallVC.m */,
				7E0824751A359E6C00AF68F5 /* Main.storyboard */,
				7E0824781A359E6C00AF68F5 /* Images.xcassets */,
				7E08247A1A359E6C00AF68F5 /* LaunchScreen.xib */,
				7E08246B1A359E6C00AF68F5 /* Supporting Files */,
			);
			path = Waterfall;
			sourceTree = "<group>";
		};
		7E08246B1A359E6C00AF68F5 /* Supporting Files */ = {
			isa = PBXGroup;
			children = (
				7E08246C1A359E6C00AF68F5 /* Info.plist */,
				7E08246D1A359E6C00AF68F5 /* main.m */,
			);
			name = "Supporting Files";
			sourceTree = "<group>";
		};
		7E0824841A359E6C00AF68F5 /* WaterfallTests */ = {
			isa = PBXGroup;
			children = (
				7E0824871A359E6C00AF68F5 /* WaterfallTests.m */,
				7E0824851A359E6C00AF68F5 /* Supporting Files */,
			);
			path = WaterfallTests;
			sourceTree = "<group>";
		};
		7E0824851A359E6C00AF68F5 /* Supporting Files */ = {
			isa = PBXGroup;
			children = (
				7E0824861A359E6C00AF68F5 /* Info.plist */,
			);
			name = "Supporting Files";
			sourceTree = "<group>";
		};
/* End PBXGroup section */

/* Begin PBXNativeTarget section */
		7E0824671A359E6C00AF68F5 /* Waterfall */ = {
			isa = PBXNativeTarget;
			buildConfigurationList = 7E08248B1A359E6C00AF68F5 /* Build configuration list for PBXNativeTarget "Waterfall" */;
			buildPhases = (
				7E0824641A359E6C00AF68F5 /* Sources */,
				7E0824651A359E6C00AF68F5 /* Frameworks */,
				7E0824661A359E6C00AF68F5 /* Resources */,
			);
			buildRules = (
			);
			dependencies = (
			);
			name = Waterfall;
			productName = Waterfall;
			productReference = 7E0824681A359E6C00AF68F5 /* Waterfall.app */;
			productType = "com.apple.product-type.application";
		};
		7E0824801A359E6C00AF68F5 /* WaterfallTests */ = {
			isa = PBXNativeTarget;
			buildConfigurationList = 7E08248E1A359E6C00AF68F5 /* Build configuration list for PBXNativeTarget "WaterfallTests" */;
			buildPhases = (
				7E08247D1A359E6C00AF68F5 /* Sources */,
				7E08247E1A359E6C00AF68F5 /* Frameworks */,
				7E08247F1A359E6C00AF68F5 /* Resources */,
			);
			buildRules = (
			);
			dependencies = (
				7E0824831A359E6C00AF68F5 /* PBXTargetDependency */,
			);
			name = WaterfallTests;
			productName = WaterfallTests;
			productReference = 7E0824811A359E6C00AF68F5 /* WaterfallTests.xctest */;
			productType = "com.apple.product-type.bundle.unit-test";
		};
/* End PBXNativeTarget section */

/* Begin PBXProject section */
		7E0824601A359E6C00AF68F5 /* Project object */ = {
			isa = PBXProject;
			attributes = {
				LastUpgradeCheck = 0610;
				ORGANIZATIONNAME = sumeng;
				TargetAttributes = {
					7E0824671A359E6C00AF68F5 = {
						CreatedOnToolsVersion = 6.1.1;
					};
					7E0824801A359E6C00AF68F5 = {
						CreatedOnToolsVersion = 6.1.1;
						TestTargetID = 7E0824671A359E6C00AF68F5;
					};
				};
			};
			buildConfigurationList = 7E0824631A359E6C00AF68F5 /* Build configuration list for PBXProject "Waterfall" */;
			compatibilityVersion = "Xcode 3.2";
			developmentRegion = English;
			hasScannedForEncodings = 0;
			knownRegions = (
				en,
				Base,
			);
			mainGroup = 7E08245F1A359E6C00AF68F5;
			productRefGroup = 7E0824691A359E6C00AF68F5 /* Products */;
			projectDirPath = "";
			projectRoot = "";
			targets = (
				7E0824671A359E6C00AF68F5 /* Waterfall */,
				7E0824801A359E6C00AF68F5 /* WaterfallTests */,
			);
		};
/* End PBXProject section */

/* Begin PBXResourcesBuildPhase section */
		7E0824661A359E6C00AF68F5 /* Resources */ = {
			isa = PBXResourcesBuildPhase;
			buildActionMask = 2147483647;
			files = (
				7E0824771A359E6C00AF68F5 /* Main.storyboard in Resources */,
				7E08247C1A359E6C00AF68F5 /* LaunchScreen.xib in Resources */,
				7E0824791A359E6C00AF68F5 /* Images.xcassets in Resources */,
			);
			runOnlyForDeploymentPostprocessing = 0;
		};
		7E08247F1A359E6C00AF68F5 /* Resources */ = {
			isa = PBXResourcesBuildPhase;
			buildActionMask = 2147483647;
			files = (
			);
			runOnlyForDeploymentPostprocessing = 0;
		};
/* End PBXResourcesBuildPhase section */

/* Begin PBXSourcesBuildPhase section */
		7E0824641A359E6C00AF68F5 /* Sources */ = {
			isa = PBXSourcesBuildPhase;
			buildActionMask = 2147483647;
			files = (
				7E0824991A35A09000AF68F5 /* WaterfallLayout.m in Sources */,
				7E0824711A359E6C00AF68F5 /* AppDelegate.m in Sources */,
				7E08246E1A359E6C00AF68F5 /* main.m in Sources */,
				7E0824931A359F9B00AF68F5 /* WaterfallVC.m in Sources */,
			);
			runOnlyForDeploymentPostprocessing = 0;
		};
		7E08247D1A359E6C00AF68F5 /* Sources */ = {
			isa = PBXSourcesBuildPhase;
			buildActionMask = 2147483647;
			files = (
				7E0824881A359E6C00AF68F5 /* WaterfallTests.m in Sources */,
			);
			runOnlyForDeploymentPostprocessing = 0;
		};
/* End PBXSourcesBuildPhase section */

/* Begin PBXTargetDependency section */
		7E0824831A359E6C00AF68F5 /* PBXTargetDependency */ = {
			isa = PBXTargetDependency;
			target = 7E0824671A359E6C00AF68F5 /* Waterfall */;
			targetProxy = 7E0824821A359E6C00AF68F5 /* PBXContainerItemProxy */;
		};
/* End PBXTargetDependency section */

/* Begin PBXVariantGroup section */
		7E0824751A359E6C00AF68F5 /* Main.storyboard */ = {
			isa = PBXVariantGroup;
			children = (
				7E0824761A359E6C00AF68F5 /* Base */,
			);
			name = Main.storyboard;
			sourceTree = "<group>";
		};
		7E08247A1A359E6C00AF68F5 /* LaunchScreen.xib */ = {
			isa = PBXVariantGroup;
			children = (
				7E08247B1A359E6C00AF68F5 /* Base */,
			);
			name = LaunchScreen.xib;
			sourceTree = "<group>";
		};
/* End PBXVariantGroup section */

/* Begin XCBuildConfiguration section */
		7E0824891A359E6C00AF68F5 /* Debug */ = {
			isa = XCBuildConfiguration;
			buildSettings = {
				ALWAYS_SEARCH_USER_PATHS = NO;
				CLANG_CXX_LANGUAGE_STANDARD = "gnu++0x";
				CLANG_CXX_LIBRARY = "libc++";
				CLANG_ENABLE_MODULES = YES;
				CLANG_ENABLE_OBJC_ARC = YES;
				CLANG_WARN_BOOL_CONVERSION = YES;
				CLANG_WARN_CONSTANT_CONVERSION = YES;
				CLANG_WARN_DIRECT_OBJC_ISA_USAGE = YES_ERROR;
				CLANG_WARN_EMPTY_BODY = YES;
				CLANG_WARN_ENUM_CONVERSION = YES;
				CLANG_WARN_INT_CONVERSION = YES;
				CLANG_WARN_OBJC_ROOT_CLASS = YES_ERROR;
				CLANG_WARN_UNREACHABLE_CODE = YES;
				CLANG_WARN__DUPLICATE_METHOD_MATCH = YES;
				"CODE_SIGN_IDENTITY[sdk=iphoneos*]" = "iPhone Developer";
				COPY_PHASE_STRIP = NO;
				ENABLE_STRICT_OBJC_MSGSEND = YES;
				GCC_C_LANGUAGE_STANDARD = gnu99;
				GCC_DYNAMIC_NO_PIC = NO;
				GCC_OPTIMIZATION_LEVEL = 0;
				GCC_PREPROCESSOR_DEFINITIONS = (
					"DEBUG=1",
					"$(inherited)",
				);
				GCC_SYMBOLS_PRIVATE_EXTERN = NO;
				GCC_WARN_64_TO_32_BIT_CONVERSION = YES;
				GCC_WARN_ABOUT_RETURN_TYPE = YES_ERROR;
				GCC_WARN_UNDECLARED_SELECTOR = YES;
				GCC_WARN_UNINITIALIZED_AUTOS = YES_AGGRESSIVE;
				GCC_WARN_UNUSED_FUNCTION = YES;
				GCC_WARN_UNUSED_VARIABLE = YES;
				IPHONEOS_DEPLOYMENT_TARGET = 8.1;
				MTL_ENABLE_DEBUG_INFO = YES;
				ONLY_ACTIVE_ARCH = YES;
				SDKROOT = iphoneos;
			};
			name = Debug;
		};
		7E08248A1A359E6C00AF68F5 /* Release */ = {
			isa = XCBuildConfiguration;
			buildSettings = {
				ALWAYS_SEARCH_USER_PATHS = NO;
				CLANG_CXX_LANGUAGE_STANDARD = "gnu++0x";
				CLANG_CXX_LIBRARY = "libc++";
				CLANG_ENABLE_MODULES = YES;
				CLANG_ENABLE_OBJC_ARC = YES;
				CLANG_WARN_BOOL_CONVERSION = YES;
				CLANG_WARN_CONSTANT_CONVERSION = YES;
				CLANG_WARN_DIRECT_OBJC_ISA_USAGE = YES_ERROR;
				CLANG_WARN_EMPTY_BODY = YES;
				CLANG_WARN_ENUM_CONVERSION = YES;
				CLANG_WARN_INT_CONVERSION = YES;
				CLANG_WARN_OBJC_ROOT_CLASS = YES_ERROR;
				CLANG_WARN_UNREACHABLE_CODE = YES;
				CLANG_WARN__DUPLICATE_METHOD_MATCH = YES;
				"CODE_SIGN_IDENTITY[sdk=iphoneos*]" = "iPhone Developer";
				COPY_PHASE_STRIP = YES;
				ENABLE_NS_ASSERTIONS = NO;
				ENABLE_STRICT_OBJC_MSGSEND = YES;
				GCC_C_LANGUAGE_STANDARD = gnu99;
				GCC_WARN_64_TO_32_BIT_CONVERSION = YES;
				GCC_WARN_ABOUT_RETURN_TYPE = YES_ERROR;
				GCC_WARN_UNDECLARED_SELECTOR = YES;
				GCC_WARN_UNINITIALIZED_AUTOS = YES_AGGRESSIVE;
				GCC_WARN_UNUSED_FUNCTION = YES;
				GCC_WARN_UNUSED_VARIABLE = YES;
				IPHONEOS_DEPLOYMENT_TARGET = 8.1;
				MTL_ENABLE_DEBUG_INFO = NO;
				SDKROOT = iphoneos;
				VALIDATE_PRODUCT = YES;
			};
			name = Release;
		};
		7E08248C1A359E6C00AF68F5 /* Debug */ = {
			isa = XCBuildConfiguration;
			buildSettings = {
				ASSETCATALOG_COMPILER_APPICON_NAME = AppIcon;
				INFOPLIST_FILE = Waterfall/Info.plist;
				LD_RUNPATH_SEARCH_PATHS = "$(inherited) @executable_path/Frameworks";
				PRODUCT_NAME = "$(TARGET_NAME)";
			};
			name = Debug;
		};
		7E08248D1A359E6C00AF68F5 /* Release */ = {
			isa = XCBuildConfiguration;
			buildSettings = {
				ASSETCATALOG_COMPILER_APPICON_NAME = AppIcon;
				INFOPLIST_FILE = Waterfall/Info.plist;
				LD_RUNPATH_SEARCH_PATHS = "$(inherited) @executable_path/Frameworks";
				PRODUCT_NAME = "$(TARGET_NAME)";
			};
			name = Release;
		};
		7E08248F1A359E6C00AF68F5 /* Debug */ = {
			isa = XCBuildConfiguration;
			buildSettings = {
				BUNDLE_LOADER = "$(TEST_HOST)";
				FRAMEWORK_SEARCH_PATHS = (
					"$(SDKROOT)/Developer/Library/Frameworks",
					"$(inherited)",
				);
				GCC_PREPROCESSOR_DEFINITIONS = (
					"DEBUG=1",
					"$(inherited)",
				);
				INFOPLIST_FILE = WaterfallTests/Info.plist;
				LD_RUNPATH_SEARCH_PATHS = "$(inherited) @executable_path/Frameworks @loader_path/Frameworks";
				PRODUCT_NAME = "$(TARGET_NAME)";
				TEST_HOST = "$(BUILT_PRODUCTS_DIR)/Waterfall.app/Waterfall";
			};
			name = Debug;
		};
		7E0824901A359E6C00AF68F5 /* Release */ = {
			isa = XCBuildConfiguration;
			buildSettings = {
				BUNDLE_LOADER = "$(TEST_HOST)";
				FRAMEWORK_SEARCH_PATHS = (
					"$(SDKROOT)/Developer/Library/Frameworks",
					"$(inherited)",
				);
				INFOPLIST_FILE = WaterfallTests/Info.plist;
				LD_RUNPATH_SEARCH_PATHS = "$(inherited) @executable_path/Frameworks @loader_path/Frameworks";
				PRODUCT_NAME = "$(TARGET_NAME)";
				TEST_HOST = "$(BUILT_PRODUCTS_DIR)/Waterfall.app/Waterfall";
			};
			name = Release;
		};
/* End XCBuildConfiguration section */

/* Begin XCConfigurationList section */
		7E0824631A359E6C00AF68F5 /* Build configuration list for PBXProject "Waterfall" */ = {
			isa = XCConfigurationList;
			buildConfigurations = (
				7E0824891A359E6C00AF68F5 /* Debug */,
				7E08248A1A359E6C00AF68F5 /* Release */,
			);
			defaultConfigurationIsVisible = 0;
			defaultConfigurationName = Release;
		};
		7E08248B1A359E6C00AF68F5 /* Build configuration list for PBXNativeTarget "Waterfall" */ = {
			isa = XCConfigurationList;
			buildConfigurations = (
				7E08248C1A359E6C00AF68F5 /* Debug */,
				7E08248D1A359E6C00AF68F5 /* Release */,
			);
			defaultConfigurationIsVisible = 0;
		};
		7E08248E1A359E6C00AF68F5 /* Build configuration list for PBXNativeTarget "WaterfallTests" */ = {
			isa = XCConfigurationList;
			buildConfigurations = (
				7E08248F1A359E6C00AF68F5 /* Debug */,
				7E0824901A359E6C00AF68F5 /* Release */,
			);
			defaultConfigurationIsVisible = 0;
		};
/* End XCConfigurationList section */
	};
	rootObject = 7E0824601A359E6C00AF68F5 /* Project object */;
}
